// !$*UTF8*$!
{
	archiveVersion = 1;
	classes = {
	};
	objectVersion = 46;
	objects = {

/* Begin PBXBuildFile section */
		9086FD9E1E400E2600FAD642 /* AppDelegate.swift in Sources */ = {isa = PBXBuildFile; fileRef = 9086FD9D1E400E2600FAD642 /* AppDelegate.swift */; };
		9086FDA31E400E2600FAD642 /* Main.storyboard in Resources */ = {isa = PBXBuildFile; fileRef = 9086FDA11E400E2600FAD642 /* Main.storyboard */; };
		9086FDA51E400E2600FAD642 /* Assets.xcassets in Resources */ = {isa = PBXBuildFile; fileRef = 9086FDA41E400E2600FAD642 /* Assets.xcassets */; };
		9086FDA81E400E2600FAD642 /* LaunchScreen.storyboard in Resources */ = {isa = PBXBuildFile; fileRef = 9086FDA61E400E2600FAD642 /* LaunchScreen.storyboard */; };
		90BF5AD31E47932A003D02D8 /* LoginViewController.swift in Sources */ = {isa = PBXBuildFile; fileRef = 90BF5AD21E47932A003D02D8 /* LoginViewController.swift */; };
		90BF5AD81E47BB7E003D02D8 /* ViewController.swift in Sources */ = {isa = PBXBuildFile; fileRef = 90BF5AD71E47BB7E003D02D8 /* ViewController.swift */; };
		90BF5ADA1E47BBDE003D02D8 /* User.swift in Sources */ = {isa = PBXBuildFile; fileRef = 90BF5AD91E47BBDE003D02D8 /* User.swift */; };
		90BF5ADC1E47BC55003D02D8 /* Tweet.swift in Sources */ = {isa = PBXBuildFile; fileRef = 90BF5ADB1E47BC55003D02D8 /* Tweet.swift */; };
		EA7FF2BF2CCD9AA17017FD9B /* Pods_Twitter.framework in Frameworks */ = {isa = PBXBuildFile; fileRef = F23366627C7CAD381E456E6F /* Pods_Twitter.framework */; };
/* End PBXBuildFile section */

/* Begin PBXFileReference section */
		5BCB7D6466BBDC63127663FA /* Pods-Twitter.debug.xcconfig */ = {isa = PBXFileReference; includeInIndex = 1; lastKnownFileType = text.xcconfig; name = "Pods-Twitter.debug.xcconfig"; path = "Pods/Target Support Files/Pods-Twitter/Pods-Twitter.debug.xcconfig"; sourceTree = "<group>"; };
		6F6C5FF4B84EB9DF4106A88C /* Pods-Twitter.release.xcconfig */ = {isa = PBXFileReference; includeInIndex = 1; lastKnownFileType = text.xcconfig; name = "Pods-Twitter.release.xcconfig"; path = "Pods/Target Support Files/Pods-Twitter/Pods-Twitter.release.xcconfig"; sourceTree = "<group>"; };
		9086FD9A1E400E2600FAD642 /* Twitter.app */ = {isa = PBXFileReference; explicitFileType = wrapper.application; includeInIndex = 0; path = Twitter.app; sourceTree = BUILT_PRODUCTS_DIR; };
		9086FD9D1E400E2600FAD642 /* AppDelegate.swift */ = {isa = PBXFileReference; lastKnownFileType = sourcecode.swift; path = AppDelegate.swift; sourceTree = "<group>"; };
		9086FDA21E400E2600FAD642 /* Base */ = {isa = PBXFileReference; lastKnownFileType = file.storyboard; name = Base; path = Base.lproj/Main.storyboard; sourceTree = "<group>"; };
		9086FDA41E400E2600FAD642 /* Assets.xcassets */ = {isa = PBXFileReference; lastKnownFileType = folder.assetcatalog; path = Assets.xcassets; sourceTree = "<group>"; };
		9086FDA71E400E2600FAD642 /* Base */ = {isa = PBXFileReference; lastKnownFileType = file.storyboard; name = Base; path = Base.lproj/LaunchScreen.storyboard; sourceTree = "<group>"; };
		9086FDA91E400E2600FAD642 /* Info.plist */ = {isa = PBXFileReference; lastKnownFileType = text.plist.xml; path = Info.plist; sourceTree = "<group>"; };
		90BF5AD21E47932A003D02D8 /* LoginViewController.swift */ = {isa = PBXFileReference; fileEncoding = 4; lastKnownFileType = sourcecode.swift; path = LoginViewController.swift; sourceTree = "<group>"; };
		90BF5AD71E47BB7E003D02D8 /* ViewController.swift */ = {isa = PBXFileReference; fileEncoding = 4; lastKnownFileType = sourcecode.swift; path = ViewController.swift; sourceTree = "<group>"; };
		90BF5AD91E47BBDE003D02D8 /* User.swift */ = {isa = PBXFileReference; fileEncoding = 4; lastKnownFileType = sourcecode.swift; path = User.swift; sourceTree = "<group>"; };
		90BF5ADB1E47BC55003D02D8 /* Tweet.swift */ = {isa = PBXFileReference; fileEncoding = 4; lastKnownFileType = sourcecode.swift; path = Tweet.swift; sourceTree = "<group>"; };
		F23366627C7CAD381E456E6F /* Pods_Twitter.framework */ = {isa = PBXFileReference; explicitFileType = wrapper.framework; includeInIndex = 0; path = Pods_Twitter.framework; sourceTree = BUILT_PRODUCTS_DIR; };
/* End PBXFileReference section */

/* Begin PBXFrameworksBuildPhase section */
		9086FD971E400E2600FAD642 /* Frameworks */ = {
			isa = PBXFrameworksBuildPhase;
			buildActionMask = 2147483647;
			files = (
				EA7FF2BF2CCD9AA17017FD9B /* Pods_Twitter.framework in Frameworks */,
			);
			runOnlyForDeploymentPostprocessing = 0;
		};
/* End PBXFrameworksBuildPhase section */

/* Begin PBXGroup section */
		9086FD911E400E2600FAD642 = {
			isa = PBXGroup;
			children = (
				9086FD9C1E400E2600FAD642 /* Twitter */,
				9086FD9B1E400E2600FAD642 /* Products */,
				D1F5965451316151FCA89A08 /* Pods */,
				F03CB8419E91F4EF70D073EC /* Frameworks */,
			);
			sourceTree = "<group>";
		};
		9086FD9B1E400E2600FAD642 /* Products */ = {
			isa = PBXGroup;
			children = (
				9086FD9A1E400E2600FAD642 /* Twitter.app */,
			);
			name = Products;
			sourceTree = "<group>";
		};
		9086FD9C1E400E2600FAD642 /* Twitter */ = {
			isa = PBXGroup;
			children = (
				90BF5AD61E47BB43003D02D8 /* API */,
				90BF5AD51E47BB2E003D02D8 /* View Controllers */,
				90BF5AD41E47BB26003D02D8 /* Models */,
				9086FDA11E400E2600FAD642 /* Main.storyboard */,
				9086FD9D1E400E2600FAD642 /* AppDelegate.swift */,
				9086FDA41E400E2600FAD642 /* Assets.xcassets */,
				9086FDA61E400E2600FAD642 /* LaunchScreen.storyboard */,
				9086FDA91E400E2600FAD642 /* Info.plist */,
			);
			path = Twitter;
			sourceTree = "<group>";
		};
		90BF5AD41E47BB26003D02D8 /* Models */ = {
			isa = PBXGroup;
			children = (
				90BF5AD91E47BBDE003D02D8 /* User.swift */,
				90BF5ADB1E47BC55003D02D8 /* Tweet.swift */,
			);
			name = Models;
			sourceTree = "<group>";
		};
		90BF5AD51E47BB2E003D02D8 /* View Controllers */ = {
			isa = PBXGroup;
			children = (
				90BF5AD21E47932A003D02D8 /* LoginViewController.swift */,
				90BF5AD71E47BB7E003D02D8 /* ViewController.swift */,
			);
			name = "View Controllers";
			sourceTree = "<group>";
		};
		90BF5AD61E47BB43003D02D8 /* API */ = {
			isa = PBXGroup;
			children = (
			);
			name = API;
			sourceTree = "<group>";
		};
		D1F5965451316151FCA89A08 /* Pods */ = {
			isa = PBXGroup;
			children = (
				5BCB7D6466BBDC63127663FA /* Pods-Twitter.debug.xcconfig */,
				6F6C5FF4B84EB9DF4106A88C /* Pods-Twitter.release.xcconfig */,
			);
			name = Pods;
			sourceTree = "<group>";
		};
		F03CB8419E91F4EF70D073EC /* Frameworks */ = {
			isa = PBXGroup;
			children = (
				F23366627C7CAD381E456E6F /* Pods_Twitter.framework */,
			);
			name = Frameworks;
			sourceTree = "<group>";
		};
/* End PBXGroup section */

/* Begin PBXNativeTarget section */
		9086FD991E400E2600FAD642 /* Twitter */ = {
			isa = PBXNativeTarget;
			buildConfigurationList = 9086FDAC1E400E2600FAD642 /* Build configuration list for PBXNativeTarget "Twitter" */;
			buildPhases = (
				7F3AAD7AAB8FAE758DD6EE6B /* [CP] Check Pods Manifest.lock */,
				9086FD961E400E2600FAD642 /* Sources */,
				9086FD971E400E2600FAD642 /* Frameworks */,
				9086FD981E400E2600FAD642 /* Resources */,
				24740336FE121992D65D1485 /* [CP] Embed Pods Frameworks */,
				99A57C05AE0937B6AC393765 /* [CP] Copy Pods Resources */,
			);
			buildRules = (
			);
			dependencies = (
			);
			name = Twitter;
			productName = Twitter;
			productReference = 9086FD9A1E400E2600FAD642 /* Twitter.app */;
			productType = "com.apple.product-type.application";
		};
/* End PBXNativeTarget section */

/* Begin PBXProject section */
		9086FD921E400E2600FAD642 /* Project object */ = {
			isa = PBXProject;
			attributes = {
				LastSwiftUpdateCheck = 0820;
				LastUpgradeCheck = 0820;
				ORGANIZATIONNAME = "Jianyi Gao";
				TargetAttributes = {
					9086FD991E400E2600FAD642 = {
						CreatedOnToolsVersion = 8.2.1;
						ProvisioningStyle = Automatic;
					};
				};
			};
			buildConfigurationList = 9086FD951E400E2600FAD642 /* Build configuration list for PBXProject "Twitter" */;
			compatibilityVersion = "Xcode 3.2";
			developmentRegion = English;
			hasScannedForEncodings = 0;
			knownRegions = (
				en,
				Base,
			);
			mainGroup = 9086FD911E400E2600FAD642;
			productRefGroup = 9086FD9B1E400E2600FAD642 /* Products */;
			projectDirPath = "";
			projectRoot = "";
			targets = (
				9086FD991E400E2600FAD642 /* Twitter */,
			);
		};
/* End PBXProject section */

/* Begin PBXResourcesBuildPhase section */
		9086FD981E400E2600FAD642 /* Resources */ = {
			isa = PBXResourcesBuildPhase;
			buildActionMask = 2147483647;
			files = (
				9086FDA81E400E2600FAD642 /* LaunchScreen.storyboard in Resources */,
				9086FDA51E400E2600FAD642 /* Assets.xcassets in Resources */,
				9086FDA31E400E2600FAD642 /* Main.storyboard in Resources */,
			);
			runOnlyForDeploymentPostprocessing = 0;
		};
/* End PBXResourcesBuildPhase section */

/* Begin PBXShellScriptBuildPhase section */
		24740336FE121992D65D1485 /* [CP] Embed Pods Frameworks */ = {
			isa = PBXShellScriptBuildPhase;
			buildActionMask = 2147483647;
			files = (
			);
			inputPaths = (
			);
			name = "[CP] Embed Pods Frameworks";
			outputPaths = (
			);
			runOnlyForDeploymentPostprocessing = 0;
			shellPath = /bin/sh;
			shellScript = "\"${SRCROOT}/Pods/Target Support Files/Pods-Twitter/Pods-Twitter-frameworks.sh\"\n";
			showEnvVarsInLog = 0;
		};
		7F3AAD7AAB8FAE758DD6EE6B /* [CP] Check Pods Manifest.lock */ = {
			isa = PBXShellScriptBuildPhase;
			buildActionMask = 2147483647;
			files = (
			);
			inputPaths = (
			);
			name = "[CP] Check Pods Manifest.lock";
			outputPaths = (
			);
			runOnlyForDeploymentPostprocessing = 0;
			shellPath = /bin/sh;
			shellScript = "diff \"${PODS_ROOT}/../Podfile.lock\" \"${PODS_ROOT}/Manifest.lock\" > /dev/null\nif [ $? != 0 ] ; then\n    # print error to STDERR\n    echo \"error: The sandbox is not in sync with the Podfile.lock. Run 'pod install' or update your CocoaPods installation.\" >&2\n    exit 1\nfi\n";
			showEnvVarsInLog = 0;
		};
		99A57C05AE0937B6AC393765 /* [CP] Copy Pods Resources */ = {
			isa = PBXShellScriptBuildPhase;
			buildActionMask = 2147483647;
			files = (
			);
			inputPaths = (
			);
			name = "[CP] Copy Pods Resources";
			outputPaths = (
			);
			runOnlyForDeploymentPostprocessing = 0;
			shellPath = /bin/sh;
			shellScript = "\"${SRCROOT}/Pods/Target Support Files/Pods-Twitter/Pods-Twitter-resources.sh\"\n";
			showEnvVarsInLog = 0;
		};
/* End PBXShellScriptBuildPhase section */

/* Begin PBXSourcesBuildPhase section */
		9086FD961E400E2600FAD642 /* Sources */ = {
			isa = PBXSourcesBuildPhase;
			buildActionMask = 2147483647;
			files = (
				90BF5ADA1E47BBDE003D02D8 /* User.swift in Sources */,
				90BF5ADC1E47BC55003D02D8 /* Tweet.swift in Sources */,
				90BF5AD81E47BB7E003D02D8 /* ViewController.swift in Sources */,
				90BF5AD31E47932A003D02D8 /* LoginViewController.swift in Sources */,
				9086FD9E1E400E2600FAD642 /* AppDelegate.swift in Sources */,
			);
			runOnlyForDeploymentPostprocessing = 0;
		};
/* End PBXSourcesBuildPhase section */

/* Begin PBXVariantGroup section */
		9086FDA11E400E2600FAD642 /* Main.storyboard */ = {
			isa = PBXVariantGroup;
			children = (
				9086FDA21E400E2600FAD642 /* Base */,
			);
			name = Main.storyboard;
			sourceTree = "<group>";
		};
		9086FDA61E400E2600FAD642 /* LaunchScreen.storyboard */ = {
			isa = PBXVariantGroup;
			children = (
				9086FDA71E400E2600FAD642 /* Base */,
			);
			name = LaunchScreen.storyboard;
			sourceTree = "<group>";
		};
/* End PBXVariantGroup section */

/* Begin XCBuildConfiguration section */
		9086FDAA1E400E2600FAD642 /* Debug */ = {
			isa = XCBuildConfiguration;
			buildSettings = {
				ALWAYS_SEARCH_USER_PATHS = NO;
				CLANG_ANALYZER_NONNULL = YES;
				CLANG_CXX_LANGUAGE_STANDARD = "gnu++0x";
				CLANG_CXX_LIBRARY = "libc++";
				CLANG_ENABLE_MODULES = YES;
				CLANG_ENABLE_OBJC_ARC = YES;
				CLANG_WARN_BOOL_CONVERSION = YES;
				CLANG_WARN_CONSTANT_CONVERSION = YES;
				CLANG_WARN_DIRECT_OBJC_ISA_USAGE = YES_ERROR;
				CLANG_WARN_DOCUMENTATION_COMMENTS = YES;
				CLANG_WARN_EMPTY_BODY = YES;
				CLANG_WARN_ENUM_CONVERSION = YES;
				CLANG_WARN_INFINITE_RECURSION = YES;
				CLANG_WARN_INT_CONVERSION = YES;
				CLANG_WARN_OBJC_ROOT_CLASS = YES_ERROR;
				CLANG_WARN_SUSPICIOUS_MOVE = YES;
				CLANG_WARN_UNREACHABLE_CODE = YES;
				CLANG_WARN__DUPLICATE_METHOD_MATCH = YES;
				"CODE_SIGN_IDENTITY[sdk=iphoneos*]" = "iPhone Developer";
				COPY_PHASE_STRIP = NO;
				DEBUG_INFORMATION_FORMAT = dwarf;
				ENABLE_STRICT_OBJC_MSGSEND = YES;
				ENABLE_TESTABILITY = YES;
				GCC_C_LANGUAGE_STANDARD = gnu99;
				GCC_DYNAMIC_NO_PIC = NO;
				GCC_NO_COMMON_BLOCKS = YES;
				GCC_OPTIMIZATION_LEVEL = 0;
				GCC_PREPROCESSOR_DEFINITIONS = (
					"DEBUG=1",
					"$(inherited)",
				);
				GCC_WARN_64_TO_32_BIT_CONVERSION = YES;
				GCC_WARN_ABOUT_RETURN_TYPE = YES_ERROR;
				GCC_WARN_UNDECLARED_SELECTOR = YES;
				GCC_WARN_UNINITIALIZED_AUTOS = YES_AGGRESSIVE;
				GCC_WARN_UNUSED_FUNCTION = YES;
				GCC_WARN_UNUSED_VARIABLE = YES;
				IPHONEOS_DEPLOYMENT_TARGET = 10.2;
				MTL_ENABLE_DEBUG_INFO = YES;
				ONLY_ACTIVE_ARCH = YES;
				SDKROOT = iphoneos;
				SWIFT_ACTIVE_COMPILATION_CONDITIONS = DEBUG;
				SWIFT_OPTIMIZATION_LEVEL = "-Onone";
			};
			name = Debug;
		};
		9086FDAB1E400E2600FAD642 /* Release */ = {
			isa = XCBuildConfiguration;
			buildSettings = {
				ALWAYS_SEARCH_USER_PATHS = NO;
				CLANG_ANALYZER_NONNULL = YES;
				CLANG_CXX_LANGUAGE_STANDARD = "gnu++0x";
				CLANG_CXX_LIBRARY = "libc++";
				CLANG_ENABLE_MODULES = YES;
				CLANG_ENABLE_OBJC_ARC = YES;
				CLANG_WARN_BOOL_CONVERSION = YES;
				CLANG_WARN_CONSTANT_CONVERSION = YES;
				CLANG_WARN_DIRECT_OBJC_ISA_USAGE = YES_ERROR;
				CLANG_WARN_DOCUMENTATION_COMMENTS = YES;
				CLANG_WARN_EMPTY_BODY = YES;
				CLANG_WARN_ENUM_CONVERSION = YES;
				CLANG_WARN_INFINITE_RECURSION = YES;
				CLANG_WARN_INT_CONVERSION = YES;
				CLANG_WARN_OBJC_ROOT_CLASS = YES_ERROR;
				CLANG_WARN_SUSPICIOUS_MOVE = YES;
				CLANG_WARN_UNREACHABLE_CODE = YES;
				CLANG_WARN__DUPLICATE_METHOD_MATCH = YES;
				"CODE_SIGN_IDENTITY[sdk=iphoneos*]" = "iPhone Developer";
				COPY_PHASE_STRIP = NO;
				DEBUG_INFORMATION_FORMAT = "dwarf-with-dsym";
				ENABLE_NS_ASSERTIONS = NO;
				ENABLE_STRICT_OBJC_MSGSEND = YES;
				GCC_C_LANGUAGE_STANDARD = gnu99;
				GCC_NO_COMMON_BLOCKS = YES;
				GCC_WARN_64_TO_32_BIT_CONVERSION = YES;
				GCC_WARN_ABOUT_RETURN_TYPE = YES_ERROR;
				GCC_WARN_UNDECLARED_SELECTOR = YES;
				GCC_WARN_UNINITIALIZED_AUTOS = YES_AGGRESSIVE;
				GCC_WARN_UNUSED_FUNCTION = YES;
				GCC_WARN_UNUSED_VARIABLE = YES;
				IPHONEOS_DEPLOYMENT_TARGET = 10.2;
				MTL_ENABLE_DEBUG_INFO = NO;
				SDKROOT = iphoneos;
				SWIFT_OPTIMIZATION_LEVEL = "-Owholemodule";
				VALIDATE_PRODUCT = YES;
			};
			name = Release;
		};
		9086FDAD1E400E2600FAD642 /* Debug */ = {
			isa = XCBuildConfiguration;
			baseConfigurationReference = 5BCB7D6466BBDC63127663FA /* Pods-Twitter.debug.xcconfig */;
			buildSettings = {
				ASSETCATALOG_COMPILER_APPICON_NAME = AppIcon;
				INFOPLIST_FILE = Twitter/Info.plist;
				LD_RUNPATH_SEARCH_PATHS = "$(inherited) @executable_path/Frameworks";
				PRODUCT_BUNDLE_IDENTIFIER = JG.Twitter;
				PRODUCT_NAME = "$(TARGET_NAME)";
				SWIFT_VERSION = 3.0;
			};
			name = Debug;
		};
		9086FDAE1E400E2600FAD642 /* Release */ = {
			isa = XCBuildConfiguration;
			baseConfigurationReference = 6F6C5FF4B84EB9DF4106A88C /* Pods-Twitter.release.xcconfig */;
			buildSettings = {
				ASSETCATALOG_COMPILER_APPICON_NAME = AppIcon;
				INFOPLIST_FILE = Twitter/Info.plist;
				LD_RUNPATH_SEARCH_PATHS = "$(inherited) @executable_path/Frameworks";
				PRODUCT_BUNDLE_IDENTIFIER = JG.Twitter;
				PRODUCT_NAME = "$(TARGET_NAME)";
				SWIFT_VERSION = 3.0;
			};
			name = Release;
		};
/* End XCBuildConfiguration section */

/* Begin XCConfigurationList section */
		9086FD951E400E2600FAD642 /* Build configuration list for PBXProject "Twitter" */ = {
			isa = XCConfigurationList;
			buildConfigurations = (
				9086FDAA1E400E2600FAD642 /* Debug */,
				9086FDAB1E400E2600FAD642 /* Release */,
			);
			defaultConfigurationIsVisible = 0;
			defaultConfigurationName = Release;
		};
		9086FDAC1E400E2600FAD642 /* Build configuration list for PBXNativeTarget "Twitter" */ = {
			isa = XCConfigurationList;
			buildConfigurations = (
				9086FDAD1E400E2600FAD642 /* Debug */,
				9086FDAE1E400E2600FAD642 /* Release */,
			);
			defaultConfigurationIsVisible = 0;
			defaultConfigurationName = Release;
		};
/* End XCConfigurationList section */
	};
	rootObject = 9086FD921E400E2600FAD642 /* Project object */;
}
